
Microsoft Visual Studio Solution File, Format Version 12.00
# Visual Studio Version 17
VisualStudioVersion = 17.9.34902.65
MinimumVisualStudioVersion = 10.0.40219.1
Project("{FAE04EC0-301F-11D3-BF4B-00C04F79EFBC}") = "PVI_Final_Condominios", "PVI_Final_Condominios.csproj", "{0FB7DA37-B59E-4932-91D2-46072C3F5DBE}"
EndProject
Global
	GlobalSection(SolutionConfigurationPlatforms) = preSolution
		Debug|Any CPU = Debug|Any CPU
		Release|Any CPU = Release|Any CPU
	EndGlobalSection
	GlobalSection(ProjectConfigurationPlatforms) = postSolution
		{0FB7DA37-B59E-4932-91D2-46072C3F5DBE}.Debug|Any CPU.ActiveCfg = Debug|Any CPU
		{0FB7DA37-B59E-4932-91D2-46072C3F5DBE}.Debug|Any CPU.Build.0 = Debug|Any CPU
		{0FB7DA37-B59E-4932-91D2-46072C3F5DBE}.Release|Any CPU.ActiveCfg = Release|Any CPU
		{0FB7DA37-B59E-4932-91D2-46072C3F5DBE}.Release|Any CPU.Build.0 = Release|Any CPU
	EndGlobalSection
	GlobalSection(SolutionProperties) = preSolution
		HideSolutionNode = FALSE
	EndGlobalSection
	GlobalSection(ExtensibilityGlobals) = postSolution
		SolutionGuid = {1040FEAD-B1BB-4809-A11E-C1545CBC6EEB}
	EndGlobalSection
EndGlobal
